
Microsoft Visual Studio Solution File, Format Version 12.00
# Visual Studio 15
VisualStudioVersion = 15.0.27428.2043
MinimumVisualStudioVersion = 10.0.40219.1
Project("{FAE04EC0-301F-11D3-BF4B-00C04F79EFBC}") = "Quanlicuahangdidong", "Quanlicuahangdidong\Quanlicuahangdidong.csproj", "{30162FF6-5E90-4488-A8BF-EB022286CA86}"
EndProject
Global
	GlobalSection(SolutionConfigurationPlatforms) = preSolution
		Debug|Any CPU = Debug|Any CPU
		Release|Any CPU = Release|Any CPU
	EndGlobalSection
	GlobalSection(ProjectConfigurationPlatforms) = postSolution
		{30162FF6-5E90-4488-A8BF-EB022286CA86}.Debug|Any CPU.ActiveCfg = Debug|Any CPU
		{30162FF6-5E90-4488-A8BF-EB022286CA86}.Debug|Any CPU.Build.0 = Debug|Any CPU
		{30162FF6-5E90-4488-A8BF-EB022286CA86}.Release|Any CPU.ActiveCfg = Release|Any CPU
		{30162FF6-5E90-4488-A8BF-EB022286CA86}.Release|Any CPU.Build.0 = Release|Any CPU
	EndGlobalSection
	GlobalSection(SolutionProperties) = preSolution
		HideSolutionNode = FALSE
	EndGlobalSection
	GlobalSection(ExtensibilityGlobals) = postSolution
		SolutionGuid = {CC56E53F-D07B-4866-B10A-C9F34D8CE5B6}
	EndGlobalSection
EndGlobal
